
Microsoft Visual Studio Solution File, Format Version 12.00
Project("{2150E333-8FDC-42A3-9474-1A3956D46DE8}") = "Core", "Core", "{8BFFEC34-5EC5-45EB-8AAF-4DBD98D8AF9F}"
EndProject
Project("{2150E333-8FDC-42A3-9474-1A3956D46DE8}") = "Infrastructure", "Infrastructure", "{AC80C65E-CE8C-4022-96E3-2B029F2F2870}"
EndProject
Project("{2150E333-8FDC-42A3-9474-1A3956D46DE8}") = "OldLayering", "OldLayering", "{387279D3-B125-4767-8373-0F15B630E7AC}"
EndProject
Project("{2150E333-8FDC-42A3-9474-1A3956D46DE8}") = "UI", "UI", "{193EFE27-452D-4D2B-A743-4D46AE427214}"
EndProject
Project("{FAE04EC0-301F-11D3-BF4B-00C04F79EFBC}") = "PetShop.Domain", "PetShop.Domain\PetShop.Domain.csproj", "{19C9674D-A9D3-49AB-9F4D-63D68273677F}"
EndProject
Project("{FAE04EC0-301F-11D3-BF4B-00C04F79EFBC}") = "PetShop.Core", "PetShop.Core\PetShop.Core.csproj", "{9F5CB293-25D8-4FCD-A4BA-9E2128F33B33}"
EndProject
Project("{FAE04EC0-301F-11D3-BF4B-00C04F79EFBC}") = "PetShop.Infrastructure.DataAccess", "PetShop.Infrastructure.DataAccess\PetShop.Infrastructure.DataAccess.csproj", "{6CB34EC1-6C8A-4DC3-B5A2-F0770FD28FA9}"
EndProject
Project("{FAE04EC0-301F-11D3-BF4B-00C04F79EFBC}") = "PetShop.BusinessLogic", "PetShop.BusinessLogic\PetShop.BusinessLogic.csproj", "{535BEDC3-F9A2-4E52-B751-527BA23819CA}"
EndProject
Project("{FAE04EC0-301F-11D3-BF4B-00C04F79EFBC}") = "PetShop.DataAccessLayer", "PetShop.DataAccessLayer\PetShop.DataAccessLayer.csproj", "{EC792FA8-0DDA-4761-8C03-CB9ADD4D35BE}"
EndProject
Project("{FAE04EC0-301F-11D3-BF4B-00C04F79EFBC}") = "PetShop.Models", "PetShop.Models\PetShop.Models.csproj", "{4664ECE2-0846-4F79-B514-FD75B9CABC24}"
EndProject
Project("{FAE04EC0-301F-11D3-BF4B-00C04F79EFBC}") = "PetShop.UI", "PetShop.UI\PetShop.UI.csproj", "{12768698-31E5-4C60-B1D4-A28C19E8F19D}"
EndProject
Global
	GlobalSection(SolutionConfigurationPlatforms) = preSolution
		Debug|Any CPU = Debug|Any CPU
		Release|Any CPU = Release|Any CPU
	EndGlobalSection
	GlobalSection(ProjectConfigurationPlatforms) = postSolution
		{19C9674D-A9D3-49AB-9F4D-63D68273677F}.Debug|Any CPU.ActiveCfg = Debug|Any CPU
		{19C9674D-A9D3-49AB-9F4D-63D68273677F}.Debug|Any CPU.Build.0 = Debug|Any CPU
		{19C9674D-A9D3-49AB-9F4D-63D68273677F}.Release|Any CPU.ActiveCfg = Release|Any CPU
		{19C9674D-A9D3-49AB-9F4D-63D68273677F}.Release|Any CPU.Build.0 = Release|Any CPU
		{9F5CB293-25D8-4FCD-A4BA-9E2128F33B33}.Debug|Any CPU.ActiveCfg = Debug|Any CPU
		{9F5CB293-25D8-4FCD-A4BA-9E2128F33B33}.Debug|Any CPU.Build.0 = Debug|Any CPU
		{9F5CB293-25D8-4FCD-A4BA-9E2128F33B33}.Release|Any CPU.ActiveCfg = Release|Any CPU
		{9F5CB293-25D8-4FCD-A4BA-9E2128F33B33}.Release|Any CPU.Build.0 = Release|Any CPU
		{6CB34EC1-6C8A-4DC3-B5A2-F0770FD28FA9}.Debug|Any CPU.ActiveCfg = Debug|Any CPU
		{6CB34EC1-6C8A-4DC3-B5A2-F0770FD28FA9}.Debug|Any CPU.Build.0 = Debug|Any CPU
		{6CB34EC1-6C8A-4DC3-B5A2-F0770FD28FA9}.Release|Any CPU.ActiveCfg = Release|Any CPU
		{6CB34EC1-6C8A-4DC3-B5A2-F0770FD28FA9}.Release|Any CPU.Build.0 = Release|Any CPU
		{535BEDC3-F9A2-4E52-B751-527BA23819CA}.Debug|Any CPU.ActiveCfg = Debug|Any CPU
		{535BEDC3-F9A2-4E52-B751-527BA23819CA}.Debug|Any CPU.Build.0 = Debug|Any CPU
		{535BEDC3-F9A2-4E52-B751-527BA23819CA}.Release|Any CPU.ActiveCfg = Release|Any CPU
		{535BEDC3-F9A2-4E52-B751-527BA23819CA}.Release|Any CPU.Build.0 = Release|Any CPU
		{EC792FA8-0DDA-4761-8C03-CB9ADD4D35BE}.Debug|Any CPU.ActiveCfg = Debug|Any CPU
		{EC792FA8-0DDA-4761-8C03-CB9ADD4D35BE}.Debug|Any CPU.Build.0 = Debug|Any CPU
		{EC792FA8-0DDA-4761-8C03-CB9ADD4D35BE}.Release|Any CPU.ActiveCfg = Release|Any CPU
		{EC792FA8-0DDA-4761-8C03-CB9ADD4D35BE}.Release|Any CPU.Build.0 = Release|Any CPU
		{4664ECE2-0846-4F79-B514-FD75B9CABC24}.Debug|Any CPU.ActiveCfg = Debug|Any CPU
		{4664ECE2-0846-4F79-B514-FD75B9CABC24}.Debug|Any CPU.Build.0 = Debug|Any CPU
		{4664ECE2-0846-4F79-B514-FD75B9CABC24}.Release|Any CPU.ActiveCfg = Release|Any CPU
		{4664ECE2-0846-4F79-B514-FD75B9CABC24}.Release|Any CPU.Build.0 = Release|Any CPU
		{12768698-31E5-4C60-B1D4-A28C19E8F19D}.Debug|Any CPU.ActiveCfg = Debug|Any CPU
		{12768698-31E5-4C60-B1D4-A28C19E8F19D}.Debug|Any CPU.Build.0 = Debug|Any CPU
		{12768698-31E5-4C60-B1D4-A28C19E8F19D}.Release|Any CPU.ActiveCfg = Release|Any CPU
		{12768698-31E5-4C60-B1D4-A28C19E8F19D}.Release|Any CPU.Build.0 = Release|Any CPU
	EndGlobalSection
	GlobalSection(NestedProjects) = preSolution
		{19C9674D-A9D3-49AB-9F4D-63D68273677F} = {8BFFEC34-5EC5-45EB-8AAF-4DBD98D8AF9F}
		{9F5CB293-25D8-4FCD-A4BA-9E2128F33B33} = {8BFFEC34-5EC5-45EB-8AAF-4DBD98D8AF9F}
		{6CB34EC1-6C8A-4DC3-B5A2-F0770FD28FA9} = {AC80C65E-CE8C-4022-96E3-2B029F2F2870}
		{535BEDC3-F9A2-4E52-B751-527BA23819CA} = {387279D3-B125-4767-8373-0F15B630E7AC}
		{EC792FA8-0DDA-4761-8C03-CB9ADD4D35BE} = {387279D3-B125-4767-8373-0F15B630E7AC}
		{4664ECE2-0846-4F79-B514-FD75B9CABC24} = {387279D3-B125-4767-8373-0F15B630E7AC}
		{12768698-31E5-4C60-B1D4-A28C19E8F19D} = {193EFE27-452D-4D2B-A743-4D46AE427214}
	EndGlobalSection
EndGlobal
